dependencies:
- name: mongodb
  repository: https://charts.bitnami.com/bitnami
  version: 10.29.0
- name: guardian-message-broker
  repository: file://../guardian-message-broker
  version: 0.1.0
- name: guardian-service
  repository: file://../guardian-service
  version: 0.1.0
- name: guardian-ui-service
  repository: file://../guardian-ui-service
  version: 0.1.0
- name: guardian-tymlez-service
  repository: file://../guardian-tymlez-service
  version: 0.1.0
digest: sha256:877536e0edb14ba3efcc1307b097bb2d0c2d5b151c1c36f3c65a86dd444bf4c8
generated: "2022-01-31T11:51:14.420932+11:00"
