{
  "name": "guardian-cli",
  "version": "0.1.0",
  "lockfileVersion": 2,
  "requires": true,
  "packages": {
    "": {
      "name": "guardian-cli",
      "version": "0.1.0",
      "license": "Apache-2.0",
      "devDependencies": {
        "@types/node": "^18.15.3",
        "typescript": "^5.0.2"
      }
    },
    "node_modules/@types/node": {
      "version": "18.15.5",
      "resolved": "https://registry.npmjs.org/@types/node/-/node-18.15.5.tgz",
      "integrity": "sha512-Ark2WDjjZO7GmvsyFFf81MXuGTA/d6oP38anyxWOL6EREyBKAxKoFHwBhaZxCfLRLpO8JgVXwqOwSwa7jRcjew==",
      "dev": true
    },
    "node_modules/typescript": {
      "version": "5.0.2",
      "resolved": "https://registry.npmjs.org/typescript/-/typescript-5.0.2.tgz",
      "integrity": "sha512-wVORMBGO/FAs/++blGNeAVdbNKtIh1rbBL2EyQ1+J9lClJ93KiiKe8PmFIVdXhHcyv44SL9oglmfeSsndo0jRw==",
      "dev": true,
      "bin": {
        "tsc": "bin/tsc",
        "tsserver": "bin/tsserver"
      },
      "engines": {
        "node": ">=12.20"
      }
    }
  },
  "dependencies": {
    "@types/node": {
      "version": "18.15.5",
      "resolved": "https://registry.npmjs.org/@types/node/-/node-18.15.5.tgz",
      "integrity": "sha512-Ark2WDjjZO7GmvsyFFf81MXuGTA/d6oP38anyxWOL6EREyBKAxKoFHwBhaZxCfLRLpO8JgVXwqOwSwa7jRcjew==",
      "dev": true
    },
    "typescript": {
      "version": "5.0.2",
      "resolved": "https://registry.npmjs.org/typescript/-/typescript-5.0.2.tgz",
      "integrity": "sha512-wVORMBGO/FAs/++blGNeAVdbNKtIh1rbBL2EyQ1+J9lClJ93KiiKe8PmFIVdXhHcyv44SL9oglmfeSsndo0jRw==",
      "dev": true
    }
  }
}
